{
  "nodes": {
    "devshell": {
      "locked": {
        "lastModified": 1637575296,
        "narHash": "sha256-ZY8YR5u8aglZPe27+AJMnPTG6645WuavB+w0xmhTarw=",
        "owner": "numtide",
        "repo": "devshell",
        "rev": "0e56ef21ba1a717169953122c7415fa6a8cd2618",
        "type": "github"
      },
      "original": {
        "owner": "numtide",
        "repo": "devshell",
        "type": "github"
      }
    },
    "flakeCompat": {
      "flake": false,
      "locked": {
        "lastModified": 1627913399,
        "narHash": "sha256-hY8g6H2KFL8ownSiFeMOjwPC8P0ueXpCVEbxgda3pko=",
        "owner": "edolstra",
        "repo": "flake-compat",
        "rev": "12c64ca55c1014cdc1b16ed5a804aa8576601ff2",
        "type": "github"
      },
      "original": {
        "owner": "edolstra",
        "repo": "flake-compat",
        "type": "github"
      }
    },
    "nixCargoIntegration": {
      "inputs": {
        "devshell": "devshell",
        "nixpkgs": "nixpkgs",
        "rustOverlay": "rustOverlay"
      },
      "locked": {
        "lastModified": 1638079791,
        "narHash": "sha256-Pgnbg7zlPSBg5+B7SDTBmidEqSwG3GikQgMavE5W2Kg=",
        "owner": "yusdacra",
        "repo": "nix-cargo-integration",
        "rev": "0fd4544e52a425631fe50c91a785c36634ca8a29",
        "type": "github"
      },
      "original": {
        "owner": "yusdacra",
        "repo": "nix-cargo-integration",
        "type": "github"
      }
    },
    "nixpkgs": {
      "locked": {
        "lastModified": 1637841632,
        "narHash": "sha256-QYqiKHdda0EOnLGQCHE+GluD/Lq2EJj4hVTooPM55Ic=",
        "owner": "NixOS",
        "repo": "nixpkgs",
        "rev": "73369f8d0864854d1acfa7f1e6217f7d6b6e3fa1",
        "type": "github"
      },
      "original": {
        "owner": "NixOS",
        "ref": "nixos-unstable",
        "repo": "nixpkgs",
        "type": "github"
      }
    },
    "root": {
      "inputs": {
        "flakeCompat": "flakeCompat",
        "nixCargoIntegration": "nixCargoIntegration"
      }
    },
    "rustOverlay": {
      "flake": false,
      "locked": {
        "lastModified": 1638065687,
        "narHash": "sha256-T8s/mgeS74Qtk48HEnZiQxpleekJP6rFPgkffG7imBc=",
        "owner": "oxalica",
        "repo": "rust-overlay",
        "rev": "1cd4ebce6b21f9aa38bfa3d5021135ea5568797f",
        "type": "github"
      },
      "original": {
        "owner": "oxalica",
        "repo": "rust-overlay",
        "type": "github"
      }
    }
  },
  "root": "root",
  "version": 7
}
